// !$*UTF8*$!
{
	archiveVersion = 1;
	classes = {
	};
	objectVersion = 50;
	objects = {

/* Begin PBXBuildFile section */
		0B1C6486265D24090015D69A /* AppDelegate.swift in Sources */ = {isa = PBXBuildFile; fileRef = 0B1C6485265D24090015D69A /* AppDelegate.swift */; };
		0B1C6488265D24090015D69A /* ViewController.swift in Sources */ = {isa = PBXBuildFile; fileRef = 0B1C6487265D24090015D69A /* ViewController.swift */; };
		0B1C648A265D240B0015D69A /* Assets.xcassets in Resources */ = {isa = PBXBuildFile; fileRef = 0B1C6489265D240B0015D69A /* Assets.xcassets */; };
		0B1C6499265D240B0015D69A /* indicatorViewTestTests.swift in Sources */ = {isa = PBXBuildFile; fileRef = 0B1C6498265D240B0015D69A /* indicatorViewTestTests.swift */; };
		0B1C64A4265D240B0015D69A /* indicatorViewTestUITests.swift in Sources */ = {isa = PBXBuildFile; fileRef = 0B1C64A3265D240B0015D69A /* indicatorViewTestUITests.swift */; };
		0B1C64BD265D26090015D69A /* EmptyContentStatusView.swift in Sources */ = {isa = PBXBuildFile; fileRef = 0B1C64BC265D26090015D69A /* EmptyContentStatusView.swift */; };
/* End PBXBuildFile section */

/* Begin PBXContainerItemProxy section */
		0B1C6495265D240B0015D69A /* PBXContainerItemProxy */ = {
			isa = PBXContainerItemProxy;
			containerPortal = 0B1C647A265D24090015D69A /* Project object */;
			proxyType = 1;
			remoteGlobalIDString = 0B1C6481265D24090015D69A;
			remoteInfo = indicatorViewTest;
		};
		0B1C64A0265D240B0015D69A /* PBXContainerItemProxy */ = {
			isa = PBXContainerItemProxy;
			containerPortal = 0B1C647A265D24090015D69A /* Project object */;
			proxyType = 1;
			remoteGlobalIDString = 0B1C6481265D24090015D69A;
			remoteInfo = indicatorViewTest;
		};
/* End PBXContainerItemProxy section */

/* Begin PBXFileReference section */
		0B1C6482265D24090015D69A /* indicatorViewTest.app */ = {isa = PBXFileReference; explicitFileType = wrapper.application; includeInIndex = 0; path = indicatorViewTest.app; sourceTree = BUILT_PRODUCTS_DIR; };
		0B1C6485265D24090015D69A /* AppDelegate.swift */ = {isa = PBXFileReference; lastKnownFileType = sourcecode.swift; path = AppDelegate.swift; sourceTree = "<group>"; };
		0B1C6487265D24090015D69A /* ViewController.swift */ = {isa = PBXFileReference; lastKnownFileType = sourcecode.swift; path = ViewController.swift; sourceTree = "<group>"; };
		0B1C6489265D240B0015D69A /* Assets.xcassets */ = {isa = PBXFileReference; lastKnownFileType = folder.assetcatalog; path = Assets.xcassets; sourceTree = "<group>"; };
		0B1C648E265D240B0015D69A /* Info.plist */ = {isa = PBXFileReference; lastKnownFileType = text.plist.xml; path = Info.plist; sourceTree = "<group>"; };
		0B1C648F265D240B0015D69A /* indicatorViewTest.entitlements */ = {isa = PBXFileReference; lastKnownFileType = text.plist.entitlements; path = indicatorViewTest.entitlements; sourceTree = "<group>"; };
		0B1C6494265D240B0015D69A /* indicatorViewTestTests.xctest */ = {isa = PBXFileReference; explicitFileType = wrapper.cfbundle; includeInIndex = 0; path = indicatorViewTestTests.xctest; sourceTree = BUILT_PRODUCTS_DIR; };
		0B1C6498265D240B0015D69A /* indicatorViewTestTests.swift */ = {isa = PBXFileReference; lastKnownFileType = sourcecode.swift; path = indicatorViewTestTests.swift; sourceTree = "<group>"; };
		0B1C649A265D240B0015D69A /* Info.plist */ = {isa = PBXFileReference; lastKnownFileType = text.plist.xml; path = Info.plist; sourceTree = "<group>"; };
		0B1C649F265D240B0015D69A /* indicatorViewTestUITests.xctest */ = {isa = PBXFileReference; explicitFileType = wrapper.cfbundle; includeInIndex = 0; path = indicatorViewTestUITests.xctest; sourceTree = BUILT_PRODUCTS_DIR; };
		0B1C64A3265D240B0015D69A /* indicatorViewTestUITests.swift */ = {isa = PBXFileReference; lastKnownFileType = sourcecode.swift; path = indicatorViewTestUITests.swift; sourceTree = "<group>"; };
		0B1C64A5265D240B0015D69A /* Info.plist */ = {isa = PBXFileReference; lastKnownFileType = text.plist.xml; path = Info.plist; sourceTree = "<group>"; };
		0B1C64BC265D26090015D69A /* EmptyContentStatusView.swift */ = {isa = PBXFileReference; lastKnownFileType = sourcecode.swift; path = EmptyContentStatusView.swift; sourceTree = "<group>"; };
/* End PBXFileReference section */

/* Begin PBXFrameworksBuildPhase section */
		0B1C647F265D24090015D69A /* Frameworks */ = {
			isa = PBXFrameworksBuildPhase;
			buildActionMask = 2147483647;
			files = (
			);
			runOnlyForDeploymentPostprocessing = 0;
		};
		0B1C6491265D240B0015D69A /* Frameworks */ = {
			isa = PBXFrameworksBuildPhase;
			buildActionMask = 2147483647;
			files = (
			);
			runOnlyForDeploymentPostprocessing = 0;
		};
		0B1C649C265D240B0015D69A /* Frameworks */ = {
			isa = PBXFrameworksBuildPhase;
			buildActionMask = 2147483647;
			files = (
			);
			runOnlyForDeploymentPostprocessing = 0;
		};
/* End PBXFrameworksBuildPhase section */

/* Begin PBXGroup section */
		0B1C6479265D24090015D69A = {
			isa = PBXGroup;
			children = (
				0B1C6484265D24090015D69A /* indicatorViewTest */,
				0B1C6497265D240B0015D69A /* indicatorViewTestTests */,
				0B1C64A2265D240B0015D69A /* indicatorViewTestUITests */,
				0B1C6483265D24090015D69A /* Products */,
			);
			sourceTree = "<group>";
		};
		0B1C6483265D24090015D69A /* Products */ = {
			isa = PBXGroup;
			children = (
				0B1C6482265D24090015D69A /* indicatorViewTest.app */,
				0B1C6494265D240B0015D69A /* indicatorViewTestTests.xctest */,
				0B1C649F265D240B0015D69A /* indicatorViewTestUITests.xctest */,
			);
			name = Products;
			sourceTree = "<group>";
		};
		0B1C6484265D24090015D69A /* indicatorViewTest */ = {
			isa = PBXGroup;
			children = (
				0B1C6485265D24090015D69A /* AppDelegate.swift */,
				0B1C6487265D24090015D69A /* ViewController.swift */,
				0B1C64BC265D26090015D69A /* EmptyContentStatusView.swift */,
				0B1C6489265D240B0015D69A /* Assets.xcassets */,
				0B1C648E265D240B0015D69A /* Info.plist */,
				0B1C648F265D240B0015D69A /* indicatorViewTest.entitlements */,
			);
			path = indicatorViewTest;
			sourceTree = "<group>";
		};
		0B1C6497265D240B0015D69A /* indicatorViewTestTests */ = {
			isa = PBXGroup;
			children = (
				0B1C6498265D240B0015D69A /* indicatorViewTestTests.swift */,
				0B1C649A265D240B0015D69A /* Info.plist */,
			);
			path = indicatorViewTestTests;
			sourceTree = "<group>";
		};
		0B1C64A2265D240B0015D69A /* indicatorViewTestUITests */ = {
			isa = PBXGroup;
			children = (
				0B1C64A3265D240B0015D69A /* indicatorViewTestUITests.swift */,
				0B1C64A5265D240B0015D69A /* Info.plist */,
			);
			path = indicatorViewTestUITests;
			sourceTree = "<group>";
		};
/* End PBXGroup section */

/* Begin PBXNativeTarget section */
		0B1C6481265D24090015D69A /* indicatorViewTest */ = {
			isa = PBXNativeTarget;
			buildConfigurationList = 0B1C64A8265D240B0015D69A /* Build configuration list for PBXNativeTarget "indicatorViewTest" */;
			buildPhases = (
				0B1C647E265D24090015D69A /* Sources */,
				0B1C647F265D24090015D69A /* Frameworks */,
				0B1C6480265D24090015D69A /* Resources */,
			);
			buildRules = (
			);
			dependencies = (
			);
			name = indicatorViewTest;
			productName = indicatorViewTest;
			productReference = 0B1C6482265D24090015D69A /* indicatorViewTest.app */;
			productType = "com.apple.product-type.application";
		};
		0B1C6493265D240B0015D69A /* indicatorViewTestTests */ = {
			isa = PBXNativeTarget;
			buildConfigurationList = 0B1C64AB265D240B0015D69A /* Build configuration list for PBXNativeTarget "indicatorViewTestTests" */;
			buildPhases = (
				0B1C6490265D240B0015D69A /* Sources */,
				0B1C6491265D240B0015D69A /* Frameworks */,
				0B1C6492265D240B0015D69A /* Resources */,
			);
			buildRules = (
			);
			dependencies = (
				0B1C6496265D240B0015D69A /* PBXTargetDependency */,
			);
			name = indicatorViewTestTests;
			productName = indicatorViewTestTests;
			productReference = 0B1C6494265D240B0015D69A /* indicatorViewTestTests.xctest */;
			productType = "com.apple.product-type.bundle.unit-test";
		};
		0B1C649E265D240B0015D69A /* indicatorViewTestUITests */ = {
			isa = PBXNativeTarget;
			buildConfigurationList = 0B1C64AE265D240B0015D69A /* Build configuration list for PBXNativeTarget "indicatorViewTestUITests" */;
			buildPhases = (
				0B1C649B265D240B0015D69A /* Sources */,
				0B1C649C265D240B0015D69A /* Frameworks */,
				0B1C649D265D240B0015D69A /* Resources */,
			);
			buildRules = (
			);
			dependencies = (
				0B1C64A1265D240B0015D69A /* PBXTargetDependency */,
			);
			name = indicatorViewTestUITests;
			productName = indicatorViewTestUITests;
			productReference = 0B1C649F265D240B0015D69A /* indicatorViewTestUITests.xctest */;
			productType = "com.apple.product-type.bundle.ui-testing";
		};
/* End PBXNativeTarget section */

/* Begin PBXProject section */
		0B1C647A265D24090015D69A /* Project object */ = {
			isa = PBXProject;
			attributes = {
				LastSwiftUpdateCheck = 1240;
				LastUpgradeCheck = 1240;
				TargetAttributes = {
					0B1C6481265D24090015D69A = {
						CreatedOnToolsVersion = 12.4;
					};
					0B1C6493265D240B0015D69A = {
						CreatedOnToolsVersion = 12.4;
						TestTargetID = 0B1C6481265D24090015D69A;
					};
					0B1C649E265D240B0015D69A = {
						CreatedOnToolsVersion = 12.4;
						TestTargetID = 0B1C6481265D24090015D69A;
					};
				};
			};
			buildConfigurationList = 0B1C647D265D24090015D69A /* Build configuration list for PBXProject "indicatorViewTest" */;
			compatibilityVersion = "Xcode 9.3";
			developmentRegion = en;
			hasScannedForEncodings = 0;
			knownRegions = (
				en,
				Base,
			);
			mainGroup = 0B1C6479265D24090015D69A;
			productRefGroup = 0B1C6483265D24090015D69A /* Products */;
			projectDirPath = "";
			projectRoot = "";
			targets = (
				0B1C6481265D24090015D69A /* indicatorViewTest */,
				0B1C6493265D240B0015D69A /* indicatorViewTestTests */,
				0B1C649E265D240B0015D69A /* indicatorViewTestUITests */,
			);
		};
/* End PBXProject section */

/* Begin PBXResourcesBuildPhase section */
		0B1C6480265D24090015D69A /* Resources */ = {
			isa = PBXResourcesBuildPhase;
			buildActionMask = 2147483647;
			files = (
				0B1C648A265D240B0015D69A /* Assets.xcassets in Resources */,
			);
			runOnlyForDeploymentPostprocessing = 0;
		};
		0B1C6492265D240B0015D69A /* Resources */ = {
			isa = PBXResourcesBuildPhase;
			buildActionMask = 2147483647;
			files = (
			);
			runOnlyForDeploymentPostprocessing = 0;
		};
		0B1C649D265D240B0015D69A /* Resources */ = {
			isa = PBXResourcesBuildPhase;
			buildActionMask = 2147483647;
			files = (
			);
			runOnlyForDeploymentPostprocessing = 0;
		};
/* End PBXResourcesBuildPhase section */

/* Begin PBXSourcesBuildPhase section */
		0B1C647E265D24090015D69A /* Sources */ = {
			isa = PBXSourcesBuildPhase;
			buildActionMask = 2147483647;
			files = (
				0B1C64BD265D26090015D69A /* EmptyContentStatusView.swift in Sources */,
				0B1C6488265D24090015D69A /* ViewController.swift in Sources */,
				0B1C6486265D24090015D69A /* AppDelegate.swift in Sources */,
			);
			runOnlyForDeploymentPostprocessing = 0;
		};
		0B1C6490265D240B0015D69A /* Sources */ = {
			isa = PBXSourcesBuildPhase;
			buildActionMask = 2147483647;
			files = (
				0B1C6499265D240B0015D69A /* indicatorViewTestTests.swift in Sources */,
			);
			runOnlyForDeploymentPostprocessing = 0;
		};
		0B1C649B265D240B0015D69A /* Sources */ = {
			isa = PBXSourcesBuildPhase;
			buildActionMask = 2147483647;
			files = (
				0B1C64A4265D240B0015D69A /* indicatorViewTestUITests.swift in Sources */,
			);
			runOnlyForDeploymentPostprocessing = 0;
		};
/* End PBXSourcesBuildPhase section */

/* Begin PBXTargetDependency section */
		0B1C6496265D240B0015D69A /* PBXTargetDependency */ = {
			isa = PBXTargetDependency;
			target = 0B1C6481265D24090015D69A /* indicatorViewTest */;
			targetProxy = 0B1C6495265D240B0015D69A /* PBXContainerItemProxy */;
		};
		0B1C64A1265D240B0015D69A /* PBXTargetDependency */ = {
			isa = PBXTargetDependency;
			target = 0B1C6481265D24090015D69A /* indicatorViewTest */;
			targetProxy = 0B1C64A0265D240B0015D69A /* PBXContainerItemProxy */;
		};
/* End PBXTargetDependency section */

/* Begin XCBuildConfiguration section */
		0B1C64A6265D240B0015D69A /* Debug */ = {
			isa = XCBuildConfiguration;
			buildSettings = {
				ALWAYS_SEARCH_USER_PATHS = NO;
				CLANG_ANALYZER_NONNULL = YES;
				CLANG_ANALYZER_NUMBER_OBJECT_CONVERSION = YES_AGGRESSIVE;
				CLANG_CXX_LANGUAGE_STANDARD = "gnu++14";
				CLANG_CXX_LIBRARY = "libc++";
				CLANG_ENABLE_MODULES = YES;
				CLANG_ENABLE_OBJC_ARC = YES;
				CLANG_ENABLE_OBJC_WEAK = YES;
				CLANG_WARN_BLOCK_CAPTURE_AUTORELEASING = YES;
				CLANG_WARN_BOOL_CONVERSION = YES;
				CLANG_WARN_COMMA = YES;
				CLANG_WARN_CONSTANT_CONVERSION = YES;
				CLANG_WARN_DEPRECATED_OBJC_IMPLEMENTATIONS = YES;
				CLANG_WARN_DIRECT_OBJC_ISA_USAGE = YES_ERROR;
				CLANG_WARN_DOCUMENTATION_COMMENTS = YES;
				CLANG_WARN_EMPTY_BODY = YES;
				CLANG_WARN_ENUM_CONVERSION = YES;
				CLANG_WARN_INFINITE_RECURSION = YES;
				CLANG_WARN_INT_CONVERSION = YES;
				CLANG_WARN_NON_LITERAL_NULL_CONVERSION = YES;
				CLANG_WARN_OBJC_IMPLICIT_RETAIN_SELF = YES;
				CLANG_WARN_OBJC_LITERAL_CONVERSION = YES;
				CLANG_WARN_OBJC_ROOT_CLASS = YES_ERROR;
				CLANG_WARN_QUOTED_INCLUDE_IN_FRAMEWORK_HEADER = YES;
				CLANG_WARN_RANGE_LOOP_ANALYSIS = YES;
				CLANG_WARN_STRICT_PROTOTYPES = YES;
				CLANG_WARN_SUSPICIOUS_MOVE = YES;
				CLANG_WARN_UNGUARDED_AVAILABILITY = YES_AGGRESSIVE;
				CLANG_WARN_UNREACHABLE_CODE = YES;
				CLANG_WARN__DUPLICATE_METHOD_MATCH = YES;
				COPY_PHASE_STRIP = NO;
				DEBUG_INFORMATION_FORMAT = dwarf;
				ENABLE_STRICT_OBJC_MSGSEND = YES;
				ENABLE_TESTABILITY = YES;
				GCC_C_LANGUAGE_STANDARD = gnu11;
				GCC_DYNAMIC_NO_PIC = NO;
				GCC_NO_COMMON_BLOCKS = YES;
				GCC_OPTIMIZATION_LEVEL = 0;
				GCC_PREPROCESSOR_DEFINITIONS = (
					"DEBUG=1",
					"$(inherited)",
				);
				GCC_WARN_64_TO_32_BIT_CONVERSION = YES;
				GCC_WARN_ABOUT_RETURN_TYPE = YES_ERROR;
				GCC_WARN_UNDECLARED_SELECTOR = YES;
				GCC_WARN_UNINITIALIZED_AUTOS = YES_AGGRESSIVE;
				GCC_WARN_UNUSED_FUNCTION = YES;
				GCC_WARN_UNUSED_VARIABLE = YES;
				MACOSX_DEPLOYMENT_TARGET = 11.1;
				MTL_ENABLE_DEBUG_INFO = INCLUDE_SOURCE;
				MTL_FAST_MATH = YES;
				ONLY_ACTIVE_ARCH = YES;
				SDKROOT = macosx;
				SWIFT_ACTIVE_COMPILATION_CONDITIONS = DEBUG;
				SWIFT_OPTIMIZATION_LEVEL = "-Onone";
			};
			name = Debug;
		};
		0B1C64A7265D240B0015D69A /* Release */ = {
			isa = XCBuildConfiguration;
			buildSettings = {
				ALWAYS_SEARCH_USER_PATHS = NO;
				CLANG_ANALYZER_NONNULL = YES;
				CLANG_ANALYZER_NUMBER_OBJECT_CONVERSION = YES_AGGRESSIVE;
				CLANG_CXX_LANGUAGE_STANDARD = "gnu++14";
				CLANG_CXX_LIBRARY = "libc++";
				CLANG_ENABLE_MODULES = YES;
				CLANG_ENABLE_OBJC_ARC = YES;
				CLANG_ENABLE_OBJC_WEAK = YES;
				CLANG_WARN_BLOCK_CAPTURE_AUTORELEASING = YES;
				CLANG_WARN_BOOL_CONVERSION = YES;
				CLANG_WARN_COMMA = YES;
				CLANG_WARN_CONSTANT_CONVERSION = YES;
				CLANG_WARN_DEPRECATED_OBJC_IMPLEMENTATIONS = YES;
				CLANG_WARN_DIRECT_OBJC_ISA_USAGE = YES_ERROR;
				CLANG_WARN_DOCUMENTATION_COMMENTS = YES;
				CLANG_WARN_EMPTY_BODY = YES;
				CLANG_WARN_ENUM_CONVERSION = YES;
				CLANG_WARN_INFINITE_RECURSION = YES;
				CLANG_WARN_INT_CONVERSION = YES;
				CLANG_WARN_NON_LITERAL_NULL_CONVERSION = YES;
				CLANG_WARN_OBJC_IMPLICIT_RETAIN_SELF = YES;
				CLANG_WARN_OBJC_LITERAL_CONVERSION = YES;
				CLANG_WARN_OBJC_ROOT_CLASS = YES_ERROR;
				CLANG_WARN_QUOTED_INCLUDE_IN_FRAMEWORK_HEADER = YES;
				CLANG_WARN_RANGE_LOOP_ANALYSIS = YES;
				CLANG_WARN_STRICT_PROTOTYPES = YES;
				CLANG_WARN_SUSPICIOUS_MOVE = YES;
				CLANG_WARN_UNGUARDED_AVAILABILITY = YES_AGGRESSIVE;
				CLANG_WARN_UNREACHABLE_CODE = YES;
				CLANG_WARN__DUPLICATE_METHOD_MATCH = YES;
				COPY_PHASE_STRIP = NO;
				DEBUG_INFORMATION_FORMAT = "dwarf-with-dsym";
				ENABLE_NS_ASSERTIONS = NO;
				ENABLE_STRICT_OBJC_MSGSEND = YES;
				GCC_C_LANGUAGE_STANDARD = gnu11;
				GCC_NO_COMMON_BLOCKS = YES;
				GCC_WARN_64_TO_32_BIT_CONVERSION = YES;
				GCC_WARN_ABOUT_RETURN_TYPE = YES_ERROR;
				GCC_WARN_UNDECLARED_SELECTOR = YES;
				GCC_WARN_UNINITIALIZED_AUTOS = YES_AGGRESSIVE;
				GCC_WARN_UNUSED_FUNCTION = YES;
				GCC_WARN_UNUSED_VARIABLE = YES;
				MACOSX_DEPLOYMENT_TARGET = 11.1;
				MTL_ENABLE_DEBUG_INFO = NO;
				MTL_FAST_MATH = YES;
				SDKROOT = macosx;
				SWIFT_COMPILATION_MODE = wholemodule;
				SWIFT_OPTIMIZATION_LEVEL = "-O";
			};
			name = Release;
		};
		0B1C64A9265D240B0015D69A /* Debug */ = {
			isa = XCBuildConfiguration;
			buildSettings = {
				ASSETCATALOG_COMPILER_APPICON_NAME = AppIcon;
				ASSETCATALOG_COMPILER_GLOBAL_ACCENT_COLOR_NAME = AccentColor;
				CODE_SIGN_ENTITLEMENTS = indicatorViewTest/indicatorViewTest.entitlements;
				CODE_SIGN_STYLE = Automatic;
				COMBINE_HIDPI_IMAGES = YES;
				DEVELOPMENT_TEAM = 33VR3T8X3U;
				ENABLE_HARDENED_RUNTIME = YES;
				INFOPLIST_FILE = indicatorViewTest/Info.plist;
				LD_RUNPATH_SEARCH_PATHS = (
					"$(inherited)",
					"@executable_path/../Frameworks",
				);
				PRODUCT_BUNDLE_IDENTIFIER = ZG.indicatorViewTest;
				PRODUCT_NAME = "$(TARGET_NAME)";
				SWIFT_VERSION = 5.0;
			};
			name = Debug;
		};
		0B1C64AA265D240B0015D69A /* Release */ = {
			isa = XCBuildConfiguration;
			buildSettings = {
				ASSETCATALOG_COMPILER_APPICON_NAME = AppIcon;
				ASSETCATALOG_COMPILER_GLOBAL_ACCENT_COLOR_NAME = AccentColor;
				CODE_SIGN_ENTITLEMENTS = indicatorViewTest/indicatorViewTest.entitlements;
				CODE_SIGN_STYLE = Automatic;
				COMBINE_HIDPI_IMAGES = YES;
				DEVELOPMENT_TEAM = 33VR3T8X3U;
				ENABLE_HARDENED_RUNTIME = YES;
				INFOPLIST_FILE = indicatorViewTest/Info.plist;
				LD_RUNPATH_SEARCH_PATHS = (
					"$(inherited)",
					"@executable_path/../Frameworks",
				);
				PRODUCT_BUNDLE_IDENTIFIER = ZG.indicatorViewTest;
				PRODUCT_NAME = "$(TARGET_NAME)";
				SWIFT_VERSION = 5.0;
			};
			name = Release;
		};
		0B1C64AC265D240B0015D69A /* Debug */ = {
			isa = XCBuildConfiguration;
			buildSettings = {
				ALWAYS_EMBED_SWIFT_STANDARD_LIBRARIES = YES;
				BUNDLE_LOADER = "$(TEST_HOST)";
				CODE_SIGN_STYLE = Automatic;
				COMBINE_HIDPI_IMAGES = YES;
				DEVELOPMENT_TEAM = 33VR3T8X3U;
				INFOPLIST_FILE = indicatorViewTestTests/Info.plist;
				LD_RUNPATH_SEARCH_PATHS = (
					"$(inherited)",
					"@executable_path/../Frameworks",
					"@loader_path/../Frameworks",
				);
				MACOSX_DEPLOYMENT_TARGET = 11.1;
				PRODUCT_BUNDLE_IDENTIFIER = ZG.indicatorViewTestTests;
				PRODUCT_NAME = "$(TARGET_NAME)";
				SWIFT_VERSION = 5.0;
				TEST_HOST = "$(BUILT_PRODUCTS_DIR)/indicatorViewTest.app/Contents/MacOS/indicatorViewTest";
			};
			name = Debug;
		};
		0B1C64AD265D240B0015D69A /* Release */ = {
			isa = XCBuildConfiguration;
			buildSettings = {
				ALWAYS_EMBED_SWIFT_STANDARD_LIBRARIES = YES;
				BUNDLE_LOADER = "$(TEST_HOST)";
				CODE_SIGN_STYLE = Automatic;
				COMBINE_HIDPI_IMAGES = YES;
				DEVELOPMENT_TEAM = 33VR3T8X3U;
				INFOPLIST_FILE = indicatorViewTestTests/Info.plist;
				LD_RUNPATH_SEARCH_PATHS = (
					"$(inherited)",
					"@executable_path/../Frameworks",
					"@loader_path/../Frameworks",
				);
				MACOSX_DEPLOYMENT_TARGET = 11.1;
				PRODUCT_BUNDLE_IDENTIFIER = ZG.indicatorViewTestTests;
				PRODUCT_NAME = "$(TARGET_NAME)";
				SWIFT_VERSION = 5.0;
				TEST_HOST = "$(BUILT_PRODUCTS_DIR)/indicatorViewTest.app/Contents/MacOS/indicatorViewTest";
			};
			name = Release;
		};
		0B1C64AF265D240B0015D69A /* Debug */ = {
			isa = XCBuildConfiguration;
			buildSettings = {
				ALWAYS_EMBED_SWIFT_STANDARD_LIBRARIES = YES;
				CODE_SIGN_STYLE = Automatic;
				COMBINE_HIDPI_IMAGES = YES;
				DEVELOPMENT_TEAM = 33VR3T8X3U;
				INFOPLIST_FILE = indicatorViewTestUITests/Info.plist;
				LD_RUNPATH_SEARCH_PATHS = (
					"$(inherited)",
					"@executable_path/../Frameworks",
					"@loader_path/../Frameworks",
				);
				PRODUCT_BUNDLE_IDENTIFIER = ZG.indicatorViewTestUITests;
				PRODUCT_NAME = "$(TARGET_NAME)";
				SWIFT_VERSION = 5.0;
				TEST_TARGET_NAME = indicatorViewTest;
			};
			name = Debug;
		};
		0B1C64B0265D240B0015D69A /* Release */ = {
			isa = XCBuildConfiguration;
			buildSettings = {
				ALWAYS_EMBED_SWIFT_STANDARD_LIBRARIES = YES;
				CODE_SIGN_STYLE = Automatic;
				COMBINE_HIDPI_IMAGES = YES;
				DEVELOPMENT_TEAM = 33VR3T8X3U;
				INFOPLIST_FILE = indicatorViewTestUITests/Info.plist;
				LD_RUNPATH_SEARCH_PATHS = (
					"$(inherited)",
					"@executable_path/../Frameworks",
					"@loader_path/../Frameworks",
				);
				PRODUCT_BUNDLE_IDENTIFIER = ZG.indicatorViewTestUITests;
				PRODUCT_NAME = "$(TARGET_NAME)";
				SWIFT_VERSION = 5.0;
				TEST_TARGET_NAME = indicatorViewTest;
			};
			name = Release;
		};
/* End XCBuildConfiguration section */

/* Begin XCConfigurationList section */
		0B1C647D265D24090015D69A /* Build configuration list for PBXProject "indicatorViewTest" */ = {
			isa = XCConfigurationList;
			buildConfigurations = (
				0B1C64A6265D240B0015D69A /* Debug */,
				0B1C64A7265D240B0015D69A /* Release */,
			);
			defaultConfigurationIsVisible = 0;
			defaultConfigurationName = Release;
		};
		0B1C64A8265D240B0015D69A /* Build configuration list for PBXNativeTarget "indicatorViewTest" */ = {
			isa = XCConfigurationList;
			buildConfigurations = (
				0B1C64A9265D240B0015D69A /* Debug */,
				0B1C64AA265D240B0015D69A /* Release */,
			);
			defaultConfigurationIsVisible = 0;
			defaultConfigurationName = Release;
		};
		0B1C64AB265D240B0015D69A /* Build configuration list for PBXNativeTarget "indicatorViewTestTests" */ = {
			isa = XCConfigurationList;
			buildConfigurations = (
				0B1C64AC265D240B0015D69A /* Debug */,
				0B1C64AD265D240B0015D69A /* Release */,
			);
			defaultConfigurationIsVisible = 0;
			defaultConfigurationName = Release;
		};
		0B1C64AE265D240B0015D69A /* Build configuration list for PBXNativeTarget "indicatorViewTestUITests" */ = {
			isa = XCConfigurationList;
			buildConfigurations = (
				0B1C64AF265D240B0015D69A /* Debug */,
				0B1C64B0265D240B0015D69A /* Release */,
			);
			defaultConfigurationIsVisible = 0;
			defaultConfigurationName = Release;
		};
/* End XCConfigurationList section */
	};
	rootObject = 0B1C647A265D24090015D69A /* Project object */;
}
